// !$*UTF8*$!
{
	archiveVersion = 1;
	classes = {
	};
	objectVersion = 50;
	objects = {

/* Begin PBXBuildFile section */
		860722BC241C029A006F8849 /* main.cpp in Sources */ = {isa = PBXBuildFile; fileRef = 860722BB241C029A006F8849 /* main.cpp */; };
		860722C9241C02C8006F8849 /* tgaimage.cpp in Sources */ = {isa = PBXBuildFile; fileRef = 860722C5241C02C8006F8849 /* tgaimage.cpp */; };
		86800467241C277500702AFC /* math.c in Sources */ = {isa = PBXBuildFile; fileRef = 86800466241C277500702AFC /* math.c */; };
/* End PBXBuildFile section */

/* Begin PBXCopyFilesBuildPhase section */
		860722B6241C029A006F8849 /* CopyFiles */ = {
			isa = PBXCopyFilesBuildPhase;
			buildActionMask = 2147483647;
			dstPath = /usr/share/man/man1/;
			dstSubfolderSpec = 0;
			files = (
			);
			runOnlyForDeploymentPostprocessing = 1;
		};
/* End PBXCopyFilesBuildPhase section */

/* Begin PBXFileReference section */
		860722B8241C029A006F8849 /* YetAnotherRender */ = {isa = PBXFileReference; explicitFileType = "compiled.mach-o.executable"; includeInIndex = 0; path = YetAnotherRender; sourceTree = BUILT_PRODUCTS_DIR; };
		860722BB241C029A006F8849 /* main.cpp */ = {isa = PBXFileReference; lastKnownFileType = sourcecode.cpp.cpp; path = main.cpp; sourceTree = "<group>"; };
		860722C4241C02C8006F8849 /* tgaimage.h */ = {isa = PBXFileReference; fileEncoding = 4; lastKnownFileType = sourcecode.c.h; path = tgaimage.h; sourceTree = "<group>"; };
		860722C5241C02C8006F8849 /* tgaimage.cpp */ = {isa = PBXFileReference; fileEncoding = 4; lastKnownFileType = sourcecode.cpp.cpp; path = tgaimage.cpp; sourceTree = "<group>"; };
		860722C7241C02C8006F8849 /* stb_image_write.h */ = {isa = PBXFileReference; fileEncoding = 4; lastKnownFileType = sourcecode.c.h; path = stb_image_write.h; sourceTree = "<group>"; };
		860722C8241C02C8006F8849 /* stb_image.h */ = {isa = PBXFileReference; fileEncoding = 4; lastKnownFileType = sourcecode.c.h; path = stb_image.h; sourceTree = "<group>"; };
		86800465241C277500702AFC /* math.h */ = {isa = PBXFileReference; lastKnownFileType = sourcecode.c.h; path = math.h; sourceTree = "<group>"; };
		86800466241C277500702AFC /* math.c */ = {isa = PBXFileReference; lastKnownFileType = sourcecode.c.c; path = math.c; sourceTree = "<group>"; };
/* End PBXFileReference section */

/* Begin PBXFrameworksBuildPhase section */
		860722B5241C029A006F8849 /* Frameworks */ = {
			isa = PBXFrameworksBuildPhase;
			buildActionMask = 2147483647;
			files = (
			);
			runOnlyForDeploymentPostprocessing = 0;
		};
/* End PBXFrameworksBuildPhase section */

/* Begin PBXGroup section */
		860722AF241C029A006F8849 = {
			isa = PBXGroup;
			children = (
				860722BA241C029A006F8849 /* YetAnotherRender */,
				860722B9241C029A006F8849 /* Products */,
				86800433241C1CBA00702AFC /* Frameworks */,
			);
			sourceTree = "<group>";
		};
		860722B9241C029A006F8849 /* Products */ = {
			isa = PBXGroup;
			children = (
				860722B8241C029A006F8849 /* YetAnotherRender */,
			);
			name = Products;
			sourceTree = "<group>";
		};
		860722BA241C029A006F8849 /* YetAnotherRender */ = {
			isa = PBXGroup;
			children = (
				860722C2241C02C8006F8849 /* vendor */,
				860722CA241C02FD006F8849 /* src */,
			);
			path = YetAnotherRender;
			sourceTree = "<group>";
		};
		860722C2241C02C8006F8849 /* vendor */ = {
			isa = PBXGroup;
			children = (
				860722C3241C02C8006F8849 /* tgaimage */,
				860722C6241C02C8006F8849 /* stb_image */,
			);
			path = vendor;
			sourceTree = "<group>";
		};
		860722C3241C02C8006F8849 /* tgaimage */ = {
			isa = PBXGroup;
			children = (
				860722C4241C02C8006F8849 /* tgaimage.h */,
				860722C5241C02C8006F8849 /* tgaimage.cpp */,
			);
			path = tgaimage;
			sourceTree = "<group>";
		};
		860722C6241C02C8006F8849 /* stb_image */ = {
			isa = PBXGroup;
			children = (
				860722C7241C02C8006F8849 /* stb_image_write.h */,
				860722C8241C02C8006F8849 /* stb_image.h */,
			);
			path = stb_image;
			sourceTree = "<group>";
		};
		860722CA241C02FD006F8849 /* src */ = {
			isa = PBXGroup;
			children = (
				860722BB241C029A006F8849 /* main.cpp */,
				86800465241C277500702AFC /* math.h */,
				86800466241C277500702AFC /* math.c */,
			);
			path = src;
			sourceTree = "<group>";
		};
		86800433241C1CBA00702AFC /* Frameworks */ = {
			isa = PBXGroup;
			children = (
			);
			name = Frameworks;
			sourceTree = "<group>";
		};
/* End PBXGroup section */

/* Begin PBXNativeTarget section */
		860722B7241C029A006F8849 /* YetAnotherRender */ = {
			isa = PBXNativeTarget;
			buildConfigurationList = 860722BF241C029A006F8849 /* Build configuration list for PBXNativeTarget "YetAnotherRender" */;
			buildPhases = (
				860722B4241C029A006F8849 /* Sources */,
				860722B5241C029A006F8849 /* Frameworks */,
				860722B6241C029A006F8849 /* CopyFiles */,
			);
			buildRules = (
			);
			dependencies = (
			);
			name = YetAnotherRender;
			productName = YetAnotherRender;
			productReference = 860722B8241C029A006F8849 /* YetAnotherRender */;
			productType = "com.apple.product-type.tool";
		};
/* End PBXNativeTarget section */

/* Begin PBXProject section */
		860722B0241C029A006F8849 /* Project object */ = {
			isa = PBXProject;
			attributes = {
				LastUpgradeCheck = 1120;
				ORGANIZATIONNAME = pkondrashkov;
				TargetAttributes = {
					860722B7241C029A006F8849 = {
						CreatedOnToolsVersion = 11.2.1;
					};
				};
			};
			buildConfigurationList = 860722B3241C029A006F8849 /* Build configuration list for PBXProject "YetAnotherRender" */;
			compatibilityVersion = "Xcode 9.3";
			developmentRegion = en;
			hasScannedForEncodings = 0;
			knownRegions = (
				en,
				Base,
			);
			mainGroup = 860722AF241C029A006F8849;
			productRefGroup = 860722B9241C029A006F8849 /* Products */;
			projectDirPath = "";
			projectRoot = "";
			targets = (
				860722B7241C029A006F8849 /* YetAnotherRender */,
			);
		};
/* End PBXProject section */

/* Begin PBXSourcesBuildPhase section */
		860722B4241C029A006F8849 /* Sources */ = {
			isa = PBXSourcesBuildPhase;
			buildActionMask = 2147483647;
			files = (
				860722C9241C02C8006F8849 /* tgaimage.cpp in Sources */,
				86800467241C277500702AFC /* math.c in Sources */,
				860722BC241C029A006F8849 /* main.cpp in Sources */,
			);
			runOnlyForDeploymentPostprocessing = 0;
		};
/* End PBXSourcesBuildPhase section */

/* Begin XCBuildConfiguration section */
		860722BD241C029A006F8849 /* Debug */ = {
			isa = XCBuildConfiguration;
			buildSettings = {
				ALWAYS_SEARCH_USER_PATHS = NO;
				CLANG_ANALYZER_NONNULL = YES;
				CLANG_ANALYZER_NUMBER_OBJECT_CONVERSION = YES_AGGRESSIVE;
				CLANG_CXX_LANGUAGE_STANDARD = "gnu++14";
				CLANG_CXX_LIBRARY = "libc++";
				CLANG_ENABLE_MODULES = YES;
				CLANG_ENABLE_OBJC_ARC = YES;
				CLANG_ENABLE_OBJC_WEAK = YES;
				CLANG_WARN_BLOCK_CAPTURE_AUTORELEASING = YES;
				CLANG_WARN_BOOL_CONVERSION = YES;
				CLANG_WARN_COMMA = YES;
				CLANG_WARN_CONSTANT_CONVERSION = YES;
				CLANG_WARN_DEPRECATED_OBJC_IMPLEMENTATIONS = YES;
				CLANG_WARN_DIRECT_OBJC_ISA_USAGE = YES_ERROR;
				CLANG_WARN_DOCUMENTATION_COMMENTS = YES;
				CLANG_WARN_EMPTY_BODY = YES;
				CLANG_WARN_ENUM_CONVERSION = YES;
				CLANG_WARN_INFINITE_RECURSION = YES;
				CLANG_WARN_INT_CONVERSION = YES;
				CLANG_WARN_NON_LITERAL_NULL_CONVERSION = YES;
				CLANG_WARN_OBJC_IMPLICIT_RETAIN_SELF = YES;
				CLANG_WARN_OBJC_LITERAL_CONVERSION = YES;
				CLANG_WARN_OBJC_ROOT_CLASS = YES_ERROR;
				CLANG_WARN_RANGE_LOOP_ANALYSIS = YES;
				CLANG_WARN_STRICT_PROTOTYPES = YES;
				CLANG_WARN_SUSPICIOUS_MOVE = YES;
				CLANG_WARN_UNGUARDED_AVAILABILITY = YES_AGGRESSIVE;
				CLANG_WARN_UNREACHABLE_CODE = YES;
				CLANG_WARN__DUPLICATE_METHOD_MATCH = YES;
				COPY_PHASE_STRIP = NO;
				DEBUG_INFORMATION_FORMAT = dwarf;
				ENABLE_STRICT_OBJC_MSGSEND = YES;
				ENABLE_TESTABILITY = YES;
				GCC_C_LANGUAGE_STANDARD = gnu11;
				GCC_DYNAMIC_NO_PIC = NO;
				GCC_NO_COMMON_BLOCKS = YES;
				GCC_OPTIMIZATION_LEVEL = 0;
				GCC_PREPROCESSOR_DEFINITIONS = (
					"DEBUG=1",
					"$(inherited)",
				);
				GCC_WARN_64_TO_32_BIT_CONVERSION = YES;
				GCC_WARN_ABOUT_RETURN_TYPE = YES_ERROR;
				GCC_WARN_UNDECLARED_SELECTOR = YES;
				GCC_WARN_UNINITIALIZED_AUTOS = YES_AGGRESSIVE;
				GCC_WARN_UNUSED_FUNCTION = YES;
				GCC_WARN_UNUSED_VARIABLE = YES;
				MACOSX_DEPLOYMENT_TARGET = 10.15;
				MTL_ENABLE_DEBUG_INFO = INCLUDE_SOURCE;
				MTL_FAST_MATH = YES;
				ONLY_ACTIVE_ARCH = YES;
				SDKROOT = macosx;
			};
			name = Debug;
		};
		860722BE241C029A006F8849 /* Release */ = {
			isa = XCBuildConfiguration;
			buildSettings = {
				ALWAYS_SEARCH_USER_PATHS = NO;
				CLANG_ANALYZER_NONNULL = YES;
				CLANG_ANALYZER_NUMBER_OBJECT_CONVERSION = YES_AGGRESSIVE;
				CLANG_CXX_LANGUAGE_STANDARD = "gnu++14";
				CLANG_CXX_LIBRARY = "libc++";
				CLANG_ENABLE_MODULES = YES;
				CLANG_ENABLE_OBJC_ARC = YES;
				CLANG_ENABLE_OBJC_WEAK = YES;
				CLANG_WARN_BLOCK_CAPTURE_AUTORELEASING = YES;
				CLANG_WARN_BOOL_CONVERSION = YES;
				CLANG_WARN_COMMA = YES;
				CLANG_WARN_CONSTANT_CONVERSION = YES;
				CLANG_WARN_DEPRECATED_OBJC_IMPLEMENTATIONS = YES;
				CLANG_WARN_DIRECT_OBJC_ISA_USAGE = YES_ERROR;
				CLANG_WARN_DOCUMENTATION_COMMENTS = YES;
				CLANG_WARN_EMPTY_BODY = YES;
				CLANG_WARN_ENUM_CONVERSION = YES;
				CLANG_WARN_INFINITE_RECURSION = YES;
				CLANG_WARN_INT_CONVERSION = YES;
				CLANG_WARN_NON_LITERAL_NULL_CONVERSION = YES;
				CLANG_WARN_OBJC_IMPLICIT_RETAIN_SELF = YES;
				CLANG_WARN_OBJC_LITERAL_CONVERSION = YES;
				CLANG_WARN_OBJC_ROOT_CLASS = YES_ERROR;
				CLANG_WARN_RANGE_LOOP_ANALYSIS = YES;
				CLANG_WARN_STRICT_PROTOTYPES = YES;
				CLANG_WARN_SUSPICIOUS_MOVE = YES;
				CLANG_WARN_UNGUARDED_AVAILABILITY = YES_AGGRESSIVE;
				CLANG_WARN_UNREACHABLE_CODE = YES;
				CLANG_WARN__DUPLICATE_METHOD_MATCH = YES;
				COPY_PHASE_STRIP = NO;
				DEBUG_INFORMATION_FORMAT = "dwarf-with-dsym";
				ENABLE_NS_ASSERTIONS = NO;
				ENABLE_STRICT_OBJC_MSGSEND = YES;
				GCC_C_LANGUAGE_STANDARD = gnu11;
				GCC_NO_COMMON_BLOCKS = YES;
				GCC_WARN_64_TO_32_BIT_CONVERSION = YES;
				GCC_WARN_ABOUT_RETURN_TYPE = YES_ERROR;
				GCC_WARN_UNDECLARED_SELECTOR = YES;
				GCC_WARN_UNINITIALIZED_AUTOS = YES_AGGRESSIVE;
				GCC_WARN_UNUSED_FUNCTION = YES;
				GCC_WARN_UNUSED_VARIABLE = YES;
				MACOSX_DEPLOYMENT_TARGET = 10.15;
				MTL_ENABLE_DEBUG_INFO = NO;
				MTL_FAST_MATH = YES;
				SDKROOT = macosx;
			};
			name = Release;
		};
		860722C0241C029A006F8849 /* Debug */ = {
			isa = XCBuildConfiguration;
			buildSettings = {
				CODE_SIGN_STYLE = Automatic;
				HEADER_SEARCH_PATHS = "$(SRCROOT)/$(PROJECT_NAME)/vendor/**";
				PRODUCT_NAME = "$(TARGET_NAME)";
				USER_HEADER_SEARCH_PATHS = "$(SRCROOT)/$(PROJECT_NAME)/src/**";
			};
			name = Debug;
		};
		860722C1241C029A006F8849 /* Release */ = {
			isa = XCBuildConfiguration;
			buildSettings = {
				CODE_SIGN_STYLE = Automatic;
				HEADER_SEARCH_PATHS = "$(SRCROOT)/$(PROJECT_NAME)/vendor/**";
				PRODUCT_NAME = "$(TARGET_NAME)";
				USER_HEADER_SEARCH_PATHS = "$(SRCROOT)/$(PROJECT_NAME)/src/**";
			};
			name = Release;
		};
/* End XCBuildConfiguration section */

/* Begin XCConfigurationList section */
		860722B3241C029A006F8849 /* Build configuration list for PBXProject "YetAnotherRender" */ = {
			isa = XCConfigurationList;
			buildConfigurations = (
				860722BD241C029A006F8849 /* Debug */,
				860722BE241C029A006F8849 /* Release */,
			);
			defaultConfigurationIsVisible = 0;
			defaultConfigurationName = Release;
		};
		860722BF241C029A006F8849 /* Build configuration list for PBXNativeTarget "YetAnotherRender" */ = {
			isa = XCConfigurationList;
			buildConfigurations = (
				860722C0241C029A006F8849 /* Debug */,
				860722C1241C029A006F8849 /* Release */,
			);
			defaultConfigurationIsVisible = 0;
			defaultConfigurationName = Release;
		};
/* End XCConfigurationList section */
	};
	rootObject = 860722B0241C029A006F8849 /* Project object */;
}
